Microsoft Visual Studio Solution File, Format Version 12.00
# Visual Studio 15
VisualStudioVersion = 15.0.26206.0
MinimumVisualStudioVersion = 10.0.40219.1
Project("{2150E333-8FDC-42A3-9474-1A3956D46DE8}") = "Solution Items", "Solution Items", "{876D3926-2BE5-40B4-B9D4-1218875A3870}"
	ProjectSection(SolutionItems) = preProject
		.gitattributes = .gitattributes
		.gitignore = .gitignore
		appveyor.yml = appveyor.yml
		build.fsx = build.fsx
		build.ps1 = build.ps1
		docs\tools\generate.fsx = docs\tools\generate.fsx
		paket.dependencies = paket.dependencies
		paket.lock = paket.lock
		README.md = README.md
		RELEASE_NOTES.md = RELEASE_NOTES.md
	EndProjectSection
EndProject
Project("{2150E333-8FDC-42A3-9474-1A3956D46DE8}") = "docs", "docs", "{D3E73D0A-292F-463C-B834-F8FCD9AA36BD}"
	ProjectSection(SolutionItems) = preProject
		docs\content\exe.md = docs\content\exe.md
		docs\content\fake.md = docs\content\fake.md
		docs\tools\generate.fsx = docs\tools\generate.fsx
		docs\content\github.md = docs\content\github.md
		docs\content\how-it-works.md = docs\content\how-it-works.md
		docs\content\index.md = docs\content\index.md
		docs\tools\templates\template.cshtml = docs\tools\templates\template.cshtml
		docs\content\tfs.md = docs\content\tfs.md
		docs\content\users.md = docs\content\users.md
		docs\content\visualstudio.md = docs\content\visualstudio.md
	EndProjectSection
EndProject
Project("{FAE04EC0-301F-11D3-BF4B-00C04F79EFBC}") = "dotnet-sourcelink", "dotnet-sourcelink\dotnet-sourcelink.csproj", "{68D40DAC-77EF-426A-979D-1CC4723CB2A1}"
EndProject
Project("{FAE04EC0-301F-11D3-BF4B-00C04F79EFBC}") = "SourceLink.Create.GitHub", "SourceLink.Create.GitHub\SourceLink.Create.GitHub.csproj", "{5CEE8EC8-7A54-4860-8B5D-29F89D7F7F4C}"
EndProject
Project("{FAE04EC0-301F-11D3-BF4B-00C04F79EFBC}") = "dotnet-sourcelink-git", "dotnet-sourcelink-git\dotnet-sourcelink-git.csproj", "{87BCE13E-47FF-43A4-ADF4-F645FD4966AD}"
EndProject
Global
	GlobalSection(SolutionConfigurationPlatforms) = preSolution
		Debug|Any CPU = Debug|Any CPU
		Debug|x64 = Debug|x64
		Debug|x86 = Debug|x86
		Release|Any CPU = Release|Any CPU
		Release|x64 = Release|x64
		Release|x86 = Release|x86
	EndGlobalSection
	GlobalSection(ProjectConfigurationPlatforms) = postSolution
		{68D40DAC-77EF-426A-979D-1CC4723CB2A1}.Debug|Any CPU.ActiveCfg = Debug|Any CPU
		{68D40DAC-77EF-426A-979D-1CC4723CB2A1}.Debug|Any CPU.Build.0 = Debug|Any CPU
		{68D40DAC-77EF-426A-979D-1CC4723CB2A1}.Debug|x64.ActiveCfg = Debug|x64
		{68D40DAC-77EF-426A-979D-1CC4723CB2A1}.Debug|x64.Build.0 = Debug|x64
		{68D40DAC-77EF-426A-979D-1CC4723CB2A1}.Debug|x86.ActiveCfg = Debug|x86
		{68D40DAC-77EF-426A-979D-1CC4723CB2A1}.Debug|x86.Build.0 = Debug|x86
		{68D40DAC-77EF-426A-979D-1CC4723CB2A1}.Release|Any CPU.ActiveCfg = Release|Any CPU
		{68D40DAC-77EF-426A-979D-1CC4723CB2A1}.Release|Any CPU.Build.0 = Release|Any CPU
		{68D40DAC-77EF-426A-979D-1CC4723CB2A1}.Release|x64.ActiveCfg = Release|x64
		{68D40DAC-77EF-426A-979D-1CC4723CB2A1}.Release|x64.Build.0 = Release|x64
		{68D40DAC-77EF-426A-979D-1CC4723CB2A1}.Release|x86.ActiveCfg = Release|x86
		{68D40DAC-77EF-426A-979D-1CC4723CB2A1}.Release|x86.Build.0 = Release|x86
		{5CEE8EC8-7A54-4860-8B5D-29F89D7F7F4C}.Debug|Any CPU.ActiveCfg = Debug|Any CPU
		{5CEE8EC8-7A54-4860-8B5D-29F89D7F7F4C}.Debug|Any CPU.Build.0 = Debug|Any CPU
		{5CEE8EC8-7A54-4860-8B5D-29F89D7F7F4C}.Debug|x64.ActiveCfg = Debug|x64
		{5CEE8EC8-7A54-4860-8B5D-29F89D7F7F4C}.Debug|x64.Build.0 = Debug|x64
		{5CEE8EC8-7A54-4860-8B5D-29F89D7F7F4C}.Debug|x86.ActiveCfg = Debug|x86
		{5CEE8EC8-7A54-4860-8B5D-29F89D7F7F4C}.Debug|x86.Build.0 = Debug|x86
		{5CEE8EC8-7A54-4860-8B5D-29F89D7F7F4C}.Release|Any CPU.ActiveCfg = Release|Any CPU
		{5CEE8EC8-7A54-4860-8B5D-29F89D7F7F4C}.Release|Any CPU.Build.0 = Release|Any CPU
		{5CEE8EC8-7A54-4860-8B5D-29F89D7F7F4C}.Release|x64.ActiveCfg = Release|x64
		{5CEE8EC8-7A54-4860-8B5D-29F89D7F7F4C}.Release|x64.Build.0 = Release|x64
		{5CEE8EC8-7A54-4860-8B5D-29F89D7F7F4C}.Release|x86.ActiveCfg = Release|x86
		{5CEE8EC8-7A54-4860-8B5D-29F89D7F7F4C}.Release|x86.Build.0 = Release|x86
		{87BCE13E-47FF-43A4-ADF4-F645FD4966AD}.Debug|Any CPU.ActiveCfg = Debug|Any CPU
		{87BCE13E-47FF-43A4-ADF4-F645FD4966AD}.Debug|Any CPU.Build.0 = Debug|Any CPU
		{87BCE13E-47FF-43A4-ADF4-F645FD4966AD}.Debug|x64.ActiveCfg = Debug|x64
		{87BCE13E-47FF-43A4-ADF4-F645FD4966AD}.Debug|x64.Build.0 = Debug|x64
		{87BCE13E-47FF-43A4-ADF4-F645FD4966AD}.Debug|x86.ActiveCfg = Debug|x86
		{87BCE13E-47FF-43A4-ADF4-F645FD4966AD}.Debug|x86.Build.0 = Debug|x86
		{87BCE13E-47FF-43A4-ADF4-F645FD4966AD}.Release|Any CPU.ActiveCfg = Release|Any CPU
		{87BCE13E-47FF-43A4-ADF4-F645FD4966AD}.Release|Any CPU.Build.0 = Release|Any CPU
		{87BCE13E-47FF-43A4-ADF4-F645FD4966AD}.Release|x64.ActiveCfg = Release|x64
		{87BCE13E-47FF-43A4-ADF4-F645FD4966AD}.Release|x64.Build.0 = Release|x64
		{87BCE13E-47FF-43A4-ADF4-F645FD4966AD}.Release|x86.ActiveCfg = Release|x86
		{87BCE13E-47FF-43A4-ADF4-F645FD4966AD}.Release|x86.Build.0 = Release|x86
	EndGlobalSection
	GlobalSection(SolutionProperties) = preSolution
		HideSolutionNode = FALSE
	EndGlobalSection
EndGlobal
