
Microsoft Visual Studio Solution File, Format Version 12.00
# Visual Studio 2013
VisualStudioVersion = 12.0.30110.0
MinimumVisualStudioVersion = 10.0.40219.1
Project("{F2A71F9B-5D33-465A-A702-920D77279786}") = "SourceLink", "SourceLink\SourceLink.fsproj", "{AAF1B8D7-791E-40F1-A278-9A16D9667866}"
EndProject
Project("{F2A71F9B-5D33-465A-A702-920D77279786}") = "ConsoleTest", "ConsoleTest\ConsoleTest.fsproj", "{61CBF06D-603E-4CBD-AFBF-079C08BEEC4B}"
EndProject
Project("{F2A71F9B-5D33-465A-A702-920D77279786}") = "Build", "Build\Build.fsproj", "{41AE9ACC-1164-4886-8C85-EEFBCB7EA5E0}"
EndProject
Project("{F2A71F9B-5D33-465A-A702-920D77279786}") = "Pe", "Pe\Pe.fsproj", "{12331D73-8EB9-4A60-9079-00D26B71A04B}"
EndProject
Project("{F2A71F9B-5D33-465A-A702-920D77279786}") = "Dia", "Dia\Dia.fsproj", "{DC0F48D4-3DE6-41CF-B545-343DE72AF618}"
EndProject
Project("{F2A71F9B-5D33-465A-A702-920D77279786}") = "Tfs", "Tfs\Tfs.fsproj", "{41229AC4-7145-4C48-9437-A935C835AFC2}"
EndProject
Project("{2150E333-8FDC-42A3-9474-1A3956D46DE8}") = "Solution Items", "Solution Items", "{876D3926-2BE5-40B4-B9D4-1218875A3870}"
	ProjectSection(SolutionItems) = preProject
		build.cmd = build.cmd
		build.config = build.config
		build.fsx = build.fsx
		build.sh = build.sh
		README.md = README.md
	EndProjectSection
EndProject
Project("{F2A71F9B-5D33-465A-A702-920D77279786}") = "Fake", "Fake\Fake.fsproj", "{EB65A773-60B0-4739-9901-D4F8B2992BF9}"
EndProject
Project("{F2A71F9B-5D33-465A-A702-920D77279786}") = "Git", "Git\Git.fsproj", "{726A13B9-F319-40FA-AEF6-FE629CFDAF6A}"
EndProject
Global
	GlobalSection(SolutionConfigurationPlatforms) = preSolution
		Debug|Any CPU = Debug|Any CPU
		Release|Any CPU = Release|Any CPU
	EndGlobalSection
	GlobalSection(ProjectConfigurationPlatforms) = postSolution
		{AAF1B8D7-791E-40F1-A278-9A16D9667866}.Debug|Any CPU.ActiveCfg = Debug|Any CPU
		{AAF1B8D7-791E-40F1-A278-9A16D9667866}.Debug|Any CPU.Build.0 = Debug|Any CPU
		{AAF1B8D7-791E-40F1-A278-9A16D9667866}.Release|Any CPU.ActiveCfg = Release|Any CPU
		{AAF1B8D7-791E-40F1-A278-9A16D9667866}.Release|Any CPU.Build.0 = Release|Any CPU
		{61CBF06D-603E-4CBD-AFBF-079C08BEEC4B}.Debug|Any CPU.ActiveCfg = Debug|Any CPU
		{61CBF06D-603E-4CBD-AFBF-079C08BEEC4B}.Debug|Any CPU.Build.0 = Debug|Any CPU
		{61CBF06D-603E-4CBD-AFBF-079C08BEEC4B}.Release|Any CPU.ActiveCfg = Release|Any CPU
		{61CBF06D-603E-4CBD-AFBF-079C08BEEC4B}.Release|Any CPU.Build.0 = Release|Any CPU
		{41AE9ACC-1164-4886-8C85-EEFBCB7EA5E0}.Debug|Any CPU.ActiveCfg = Debug|Any CPU
		{41AE9ACC-1164-4886-8C85-EEFBCB7EA5E0}.Debug|Any CPU.Build.0 = Debug|Any CPU
		{41AE9ACC-1164-4886-8C85-EEFBCB7EA5E0}.Release|Any CPU.ActiveCfg = Release|Any CPU
		{41AE9ACC-1164-4886-8C85-EEFBCB7EA5E0}.Release|Any CPU.Build.0 = Release|Any CPU
		{12331D73-8EB9-4A60-9079-00D26B71A04B}.Debug|Any CPU.ActiveCfg = Debug|Any CPU
		{12331D73-8EB9-4A60-9079-00D26B71A04B}.Debug|Any CPU.Build.0 = Debug|Any CPU
		{12331D73-8EB9-4A60-9079-00D26B71A04B}.Release|Any CPU.ActiveCfg = Release|Any CPU
		{12331D73-8EB9-4A60-9079-00D26B71A04B}.Release|Any CPU.Build.0 = Release|Any CPU
		{DC0F48D4-3DE6-41CF-B545-343DE72AF618}.Debug|Any CPU.ActiveCfg = Debug|Any CPU
		{DC0F48D4-3DE6-41CF-B545-343DE72AF618}.Debug|Any CPU.Build.0 = Debug|Any CPU
		{DC0F48D4-3DE6-41CF-B545-343DE72AF618}.Release|Any CPU.ActiveCfg = Release|Any CPU
		{DC0F48D4-3DE6-41CF-B545-343DE72AF618}.Release|Any CPU.Build.0 = Release|Any CPU
		{41229AC4-7145-4C48-9437-A935C835AFC2}.Debug|Any CPU.ActiveCfg = Debug|Any CPU
		{41229AC4-7145-4C48-9437-A935C835AFC2}.Debug|Any CPU.Build.0 = Debug|Any CPU
		{41229AC4-7145-4C48-9437-A935C835AFC2}.Release|Any CPU.ActiveCfg = Release|Any CPU
		{41229AC4-7145-4C48-9437-A935C835AFC2}.Release|Any CPU.Build.0 = Release|Any CPU
		{EB65A773-60B0-4739-9901-D4F8B2992BF9}.Debug|Any CPU.ActiveCfg = Debug|Any CPU
		{EB65A773-60B0-4739-9901-D4F8B2992BF9}.Debug|Any CPU.Build.0 = Debug|Any CPU
		{EB65A773-60B0-4739-9901-D4F8B2992BF9}.Release|Any CPU.ActiveCfg = Release|Any CPU
		{EB65A773-60B0-4739-9901-D4F8B2992BF9}.Release|Any CPU.Build.0 = Release|Any CPU
		{726A13B9-F319-40FA-AEF6-FE629CFDAF6A}.Debug|Any CPU.ActiveCfg = Debug|Any CPU
		{726A13B9-F319-40FA-AEF6-FE629CFDAF6A}.Debug|Any CPU.Build.0 = Debug|Any CPU
		{726A13B9-F319-40FA-AEF6-FE629CFDAF6A}.Release|Any CPU.ActiveCfg = Release|Any CPU
		{726A13B9-F319-40FA-AEF6-FE629CFDAF6A}.Release|Any CPU.Build.0 = Release|Any CPU
	EndGlobalSection
	GlobalSection(SolutionProperties) = preSolution
		HideSolutionNode = FALSE
	EndGlobalSection
EndGlobal
